
Microsoft Visual Studio Solution File, Format Version 12.00
# Visual Studio 15
VisualStudioVersion = 15.0.27428.1
MinimumVisualStudioVersion = 10.0.40219.1
Project("{9A19103F-16F7-4668-BE54-9A1E7A4F7556}") = "Grayson.ExampleCQRS", "Grayson.ExampleCQRS\Grayson.ExampleCQRS.csproj", "{EB252B01-0ACD-46A5-B3B4-2BB987B9B0E8}"
EndProject
Project("{9A19103F-16F7-4668-BE54-9A1E7A4F7556}") = "Grayson.Utils.DDD", "Grayson.Utils.DDD\Grayson.Utils.DDD.csproj", "{D7E481A3-DB0F-4906-9AB5-7C9543D0E962}"
EndProject
Project("{9A19103F-16F7-4668-BE54-9A1E7A4F7556}") = "Grayson.ExampleCQRS.Domain", "Grayson.ExampleCQRS.Domain\Grayson.ExampleCQRS.Domain.csproj", "{7DB0E58C-62E8-4CC2-B581-77076DBDD6B8}"
EndProject
Project("{9A19103F-16F7-4668-BE54-9A1E7A4F7556}") = "Grayson.ExampleCQRS.Domain.Test", "Grayson.ExampleCQRS.Domain.Test\Grayson.ExampleCQRS.Domain.Test.csproj", "{3FE8341A-F6B6-474F-967D-742476501CF2}"
EndProject
Project("{9A19103F-16F7-4668-BE54-9A1E7A4F7556}") = "Grayson.ExampleCQRS.Application", "Grayson.ExampleCQRS.Application\Grayson.ExampleCQRS.Application.csproj", "{82E2DE81-6C48-4F83-B9CD-ED164E4B2D20}"
EndProject
Project("{9A19103F-16F7-4668-BE54-9A1E7A4F7556}") = "Grayson.ExampleCQRS.Infrastructure", "Grayson.ExampleCQRS.Infrastructure\Grayson.ExampleCQRS.Infrastructure.csproj", "{A1402D48-EE5D-498D-BB35-610A45643EB8}"
EndProject
Project("{9A19103F-16F7-4668-BE54-9A1E7A4F7556}") = "Grayson.ExampleCQRS.Application.Test", "Grayson.ExampleCQRS.Application.Test\Grayson.ExampleCQRS.Application.Test.csproj", "{E151C81B-2F79-4054-AA61-3FCFAE100A60}"
EndProject
Project("{9A19103F-16F7-4668-BE54-9A1E7A4F7556}") = "Grayson.ExampleCQRS.TestConsoleApp", "Grayson.ExampleCQRS.TestConsoleApp\Grayson.ExampleCQRS.TestConsoleApp.csproj", "{12269706-6D69-49FE-86C7-F5DD645D9FC8}"
EndProject
Project("{9A19103F-16F7-4668-BE54-9A1E7A4F7556}") = "Grayson.ExampleCQRS.Infrastructure.Test", "Grayson.ExampleCQRS.Infrastructure.Test\Grayson.ExampleCQRS.Infrastructure.Test.csproj", "{6A74D608-EAEF-4C59-A8CB-E7DCE2D2C9C5}"
EndProject
Project("{9A19103F-16F7-4668-BE54-9A1E7A4F7556}") = "Grayson.ExampleCQRS.Domain.Host.ConsoleApp", "Grayson.ExampleCQRS.Domain.Host.ConsoleApp\Grayson.ExampleCQRS.Domain.Host.ConsoleApp.csproj", "{8AECAF29-F76A-4E52-B570-9FEC5789D76F}"
EndProject
Project("{2150E333-8FDC-42A3-9474-1A3956D46DE8}") = "Solution Items", "Solution Items", "{9DBBB31A-C865-41DD-9A08-2D8246B48CC7}"
EndProject
Project("{FAE04EC0-301F-11D3-BF4B-00C04F79EFBC}") = "CodeGeneratorApp", "CodeGeneratorApp\CodeGeneratorApp.csproj", "{F1B2C71D-2C9A-4C2C-92B7-8E8918EFE635}"
EndProject
Project("{9A19103F-16F7-4668-BE54-9A1E7A4F7556}") = "Grayson.MessagesMapper", "Grayson.MessagesMapper\Grayson.MessagesMapper.csproj", "{AD0FF308-0D1D-4C18-9708-56E487D4800F}"
EndProject
Project("{9A19103F-16F7-4668-BE54-9A1E7A4F7556}") = "Grayson.Utils.DDD.Domain", "Grayson.Utils.DDD.Domain\Grayson.Utils.DDD.Domain.csproj", "{6E1126E5-8B8B-47D1-AA8D-80B71AE63A2D}"
EndProject
Project("{9A19103F-16F7-4668-BE54-9A1E7A4F7556}") = "Grayson.Utils.DDD.Application", "Grayson.Utils.DDD.Application\Grayson.Utils.DDD.Application.csproj", "{F6FF06A5-2F27-4B93-9C72-2A581BB76AF7}"
EndProject
Project("{9A19103F-16F7-4668-BE54-9A1E7A4F7556}") = "Grayson.Utils.DDD.Infrastructure", "Grayson.Utils.DDD.Infrastructure\Grayson.Utils.DDD.Infrastructure.csproj", "{AD67E734-3812-478B-9041-1331F7EF0FC3}"
EndProject
Project("{9A19103F-16F7-4668-BE54-9A1E7A4F7556}") = "Grayson.ExampleCQRS.Application.ReadModel", "Grayson.ExampleCQRS.Application.ReadModel\Grayson.ExampleCQRS.Application.ReadModel.csproj", "{D6240E61-9A28-47D9-B434-1E350FBEB109}"
EndProject
Project("{9A19103F-16F7-4668-BE54-9A1E7A4F7556}") = "Grayson.ExampleCQRS.Infrastructure.ReadModel", "Grayson.ExampleCQRS.Infrastructure.ReadModel\Grayson.ExampleCQRS.Infrastructure.ReadModel.csproj", "{48A7F42D-3E9F-4F96-934D-597CBC75570F}"
EndProject
Project("{9A19103F-16F7-4668-BE54-9A1E7A4F7556}") = "Grayson.ExampleCQRS.Readmodel.Host.ConsoleApp", "Grayson.ExampleCQRS.Readmodel.Host.ConsoleApp\Grayson.ExampleCQRS.Readmodel.Host.ConsoleApp.csproj", "{F765939A-8435-49F2-BD1B-18DFD2846890}"
EndProject
Project("{FAE04EC0-301F-11D3-BF4B-00C04F79EFBC}") = "Grayson.ExampleCQRS.Messaging", "Grayson.ExampleCQRS.Messaging\Grayson.ExampleCQRS.Messaging.csproj", "{8BA27A5C-CC9E-45E4-89FB-211FE1ADB5B5}"
EndProject
Global
	GlobalSection(SolutionConfigurationPlatforms) = preSolution
		Debug|Any CPU = Debug|Any CPU
		Release|Any CPU = Release|Any CPU
	EndGlobalSection
	GlobalSection(ProjectConfigurationPlatforms) = postSolution
		{EB252B01-0ACD-46A5-B3B4-2BB987B9B0E8}.Debug|Any CPU.ActiveCfg = Debug|Any CPU
		{EB252B01-0ACD-46A5-B3B4-2BB987B9B0E8}.Debug|Any CPU.Build.0 = Debug|Any CPU
		{EB252B01-0ACD-46A5-B3B4-2BB987B9B0E8}.Release|Any CPU.ActiveCfg = Release|Any CPU
		{EB252B01-0ACD-46A5-B3B4-2BB987B9B0E8}.Release|Any CPU.Build.0 = Release|Any CPU
		{D7E481A3-DB0F-4906-9AB5-7C9543D0E962}.Debug|Any CPU.ActiveCfg = Debug|Any CPU
		{D7E481A3-DB0F-4906-9AB5-7C9543D0E962}.Debug|Any CPU.Build.0 = Debug|Any CPU
		{D7E481A3-DB0F-4906-9AB5-7C9543D0E962}.Release|Any CPU.ActiveCfg = Release|Any CPU
		{D7E481A3-DB0F-4906-9AB5-7C9543D0E962}.Release|Any CPU.Build.0 = Release|Any CPU
		{7DB0E58C-62E8-4CC2-B581-77076DBDD6B8}.Debug|Any CPU.ActiveCfg = Debug|Any CPU
		{7DB0E58C-62E8-4CC2-B581-77076DBDD6B8}.Debug|Any CPU.Build.0 = Debug|Any CPU
		{7DB0E58C-62E8-4CC2-B581-77076DBDD6B8}.Release|Any CPU.ActiveCfg = Release|Any CPU
		{7DB0E58C-62E8-4CC2-B581-77076DBDD6B8}.Release|Any CPU.Build.0 = Release|Any CPU
		{3FE8341A-F6B6-474F-967D-742476501CF2}.Debug|Any CPU.ActiveCfg = Debug|Any CPU
		{3FE8341A-F6B6-474F-967D-742476501CF2}.Debug|Any CPU.Build.0 = Debug|Any CPU
		{3FE8341A-F6B6-474F-967D-742476501CF2}.Release|Any CPU.ActiveCfg = Release|Any CPU
		{3FE8341A-F6B6-474F-967D-742476501CF2}.Release|Any CPU.Build.0 = Release|Any CPU
		{82E2DE81-6C48-4F83-B9CD-ED164E4B2D20}.Debug|Any CPU.ActiveCfg = Debug|Any CPU
		{82E2DE81-6C48-4F83-B9CD-ED164E4B2D20}.Debug|Any CPU.Build.0 = Debug|Any CPU
		{82E2DE81-6C48-4F83-B9CD-ED164E4B2D20}.Release|Any CPU.ActiveCfg = Release|Any CPU
		{82E2DE81-6C48-4F83-B9CD-ED164E4B2D20}.Release|Any CPU.Build.0 = Release|Any CPU
		{A1402D48-EE5D-498D-BB35-610A45643EB8}.Debug|Any CPU.ActiveCfg = Debug|Any CPU
		{A1402D48-EE5D-498D-BB35-610A45643EB8}.Debug|Any CPU.Build.0 = Debug|Any CPU
		{A1402D48-EE5D-498D-BB35-610A45643EB8}.Release|Any CPU.ActiveCfg = Release|Any CPU
		{A1402D48-EE5D-498D-BB35-610A45643EB8}.Release|Any CPU.Build.0 = Release|Any CPU
		{E151C81B-2F79-4054-AA61-3FCFAE100A60}.Debug|Any CPU.ActiveCfg = Debug|Any CPU
		{E151C81B-2F79-4054-AA61-3FCFAE100A60}.Debug|Any CPU.Build.0 = Debug|Any CPU
		{E151C81B-2F79-4054-AA61-3FCFAE100A60}.Release|Any CPU.ActiveCfg = Release|Any CPU
		{E151C81B-2F79-4054-AA61-3FCFAE100A60}.Release|Any CPU.Build.0 = Release|Any CPU
		{12269706-6D69-49FE-86C7-F5DD645D9FC8}.Debug|Any CPU.ActiveCfg = Debug|Any CPU
		{12269706-6D69-49FE-86C7-F5DD645D9FC8}.Debug|Any CPU.Build.0 = Debug|Any CPU
		{12269706-6D69-49FE-86C7-F5DD645D9FC8}.Release|Any CPU.ActiveCfg = Release|Any CPU
		{12269706-6D69-49FE-86C7-F5DD645D9FC8}.Release|Any CPU.Build.0 = Release|Any CPU
		{6A74D608-EAEF-4C59-A8CB-E7DCE2D2C9C5}.Debug|Any CPU.ActiveCfg = Debug|Any CPU
		{6A74D608-EAEF-4C59-A8CB-E7DCE2D2C9C5}.Debug|Any CPU.Build.0 = Debug|Any CPU
		{6A74D608-EAEF-4C59-A8CB-E7DCE2D2C9C5}.Release|Any CPU.ActiveCfg = Release|Any CPU
		{6A74D608-EAEF-4C59-A8CB-E7DCE2D2C9C5}.Release|Any CPU.Build.0 = Release|Any CPU
		{8AECAF29-F76A-4E52-B570-9FEC5789D76F}.Debug|Any CPU.ActiveCfg = Debug|Any CPU
		{8AECAF29-F76A-4E52-B570-9FEC5789D76F}.Debug|Any CPU.Build.0 = Debug|Any CPU
		{8AECAF29-F76A-4E52-B570-9FEC5789D76F}.Release|Any CPU.ActiveCfg = Release|Any CPU
		{8AECAF29-F76A-4E52-B570-9FEC5789D76F}.Release|Any CPU.Build.0 = Release|Any CPU
		{F1B2C71D-2C9A-4C2C-92B7-8E8918EFE635}.Debug|Any CPU.ActiveCfg = Debug|Any CPU
		{F1B2C71D-2C9A-4C2C-92B7-8E8918EFE635}.Debug|Any CPU.Build.0 = Debug|Any CPU
		{F1B2C71D-2C9A-4C2C-92B7-8E8918EFE635}.Release|Any CPU.ActiveCfg = Release|Any CPU
		{F1B2C71D-2C9A-4C2C-92B7-8E8918EFE635}.Release|Any CPU.Build.0 = Release|Any CPU
		{AD0FF308-0D1D-4C18-9708-56E487D4800F}.Debug|Any CPU.ActiveCfg = Debug|Any CPU
		{AD0FF308-0D1D-4C18-9708-56E487D4800F}.Debug|Any CPU.Build.0 = Debug|Any CPU
		{AD0FF308-0D1D-4C18-9708-56E487D4800F}.Release|Any CPU.ActiveCfg = Release|Any CPU
		{AD0FF308-0D1D-4C18-9708-56E487D4800F}.Release|Any CPU.Build.0 = Release|Any CPU
		{6E1126E5-8B8B-47D1-AA8D-80B71AE63A2D}.Debug|Any CPU.ActiveCfg = Debug|Any CPU
		{6E1126E5-8B8B-47D1-AA8D-80B71AE63A2D}.Debug|Any CPU.Build.0 = Debug|Any CPU
		{6E1126E5-8B8B-47D1-AA8D-80B71AE63A2D}.Release|Any CPU.ActiveCfg = Release|Any CPU
		{6E1126E5-8B8B-47D1-AA8D-80B71AE63A2D}.Release|Any CPU.Build.0 = Release|Any CPU
		{F6FF06A5-2F27-4B93-9C72-2A581BB76AF7}.Debug|Any CPU.ActiveCfg = Debug|Any CPU
		{F6FF06A5-2F27-4B93-9C72-2A581BB76AF7}.Debug|Any CPU.Build.0 = Debug|Any CPU
		{F6FF06A5-2F27-4B93-9C72-2A581BB76AF7}.Release|Any CPU.ActiveCfg = Release|Any CPU
		{F6FF06A5-2F27-4B93-9C72-2A581BB76AF7}.Release|Any CPU.Build.0 = Release|Any CPU
		{AD67E734-3812-478B-9041-1331F7EF0FC3}.Debug|Any CPU.ActiveCfg = Debug|Any CPU
		{AD67E734-3812-478B-9041-1331F7EF0FC3}.Debug|Any CPU.Build.0 = Debug|Any CPU
		{AD67E734-3812-478B-9041-1331F7EF0FC3}.Release|Any CPU.ActiveCfg = Release|Any CPU
		{AD67E734-3812-478B-9041-1331F7EF0FC3}.Release|Any CPU.Build.0 = Release|Any CPU
		{D6240E61-9A28-47D9-B434-1E350FBEB109}.Debug|Any CPU.ActiveCfg = Debug|Any CPU
		{D6240E61-9A28-47D9-B434-1E350FBEB109}.Debug|Any CPU.Build.0 = Debug|Any CPU
		{D6240E61-9A28-47D9-B434-1E350FBEB109}.Release|Any CPU.ActiveCfg = Release|Any CPU
		{D6240E61-9A28-47D9-B434-1E350FBEB109}.Release|Any CPU.Build.0 = Release|Any CPU
		{48A7F42D-3E9F-4F96-934D-597CBC75570F}.Debug|Any CPU.ActiveCfg = Debug|Any CPU
		{48A7F42D-3E9F-4F96-934D-597CBC75570F}.Debug|Any CPU.Build.0 = Debug|Any CPU
		{48A7F42D-3E9F-4F96-934D-597CBC75570F}.Release|Any CPU.ActiveCfg = Release|Any CPU
		{48A7F42D-3E9F-4F96-934D-597CBC75570F}.Release|Any CPU.Build.0 = Release|Any CPU
		{F765939A-8435-49F2-BD1B-18DFD2846890}.Debug|Any CPU.ActiveCfg = Debug|Any CPU
		{F765939A-8435-49F2-BD1B-18DFD2846890}.Debug|Any CPU.Build.0 = Debug|Any CPU
		{F765939A-8435-49F2-BD1B-18DFD2846890}.Release|Any CPU.ActiveCfg = Release|Any CPU
		{F765939A-8435-49F2-BD1B-18DFD2846890}.Release|Any CPU.Build.0 = Release|Any CPU
		{8BA27A5C-CC9E-45E4-89FB-211FE1ADB5B5}.Debug|Any CPU.ActiveCfg = Debug|Any CPU
		{8BA27A5C-CC9E-45E4-89FB-211FE1ADB5B5}.Debug|Any CPU.Build.0 = Debug|Any CPU
		{8BA27A5C-CC9E-45E4-89FB-211FE1ADB5B5}.Release|Any CPU.ActiveCfg = Release|Any CPU
		{8BA27A5C-CC9E-45E4-89FB-211FE1ADB5B5}.Release|Any CPU.Build.0 = Release|Any CPU
	EndGlobalSection
	GlobalSection(SolutionProperties) = preSolution
		HideSolutionNode = FALSE
	EndGlobalSection
	GlobalSection(ExtensibilityGlobals) = postSolution
		SolutionGuid = {F491BA0F-9EFD-4827-BDF2-D74C87FB8AC1}
	EndGlobalSection
EndGlobal
