
Microsoft Visual Studio Solution File, Format Version 12.00
# Visual Studio 15
VisualStudioVersion = 15.0.27428.1
MinimumVisualStudioVersion = 10.0.40219.1
Project("{9A19103F-16F7-4668-BE54-9A1E7A4F7556}") = "Grayson.ExampleCQRS", "Grayson.ExampleCQRS\Grayson.ExampleCQRS.csproj", "{EB252B01-0ACD-46A5-B3B4-2BB987B9B0E8}"
EndProject
Project("{9A19103F-16F7-4668-BE54-9A1E7A4F7556}") = "Grayson.Utils.DDD", "Grayson.Utils.DDD\Grayson.Utils.DDD.csproj", "{D7E481A3-DB0F-4906-9AB5-7C9543D0E962}"
EndProject
Project("{9A19103F-16F7-4668-BE54-9A1E7A4F7556}") = "Grayson.ExampleCQRS.TestConsoleApp", "Grayson.ExampleCQRS.TestConsoleApp\Grayson.ExampleCQRS.TestConsoleApp.csproj", "{12269706-6D69-49FE-86C7-F5DD645D9FC8}"
EndProject
Project("{2150E333-8FDC-42A3-9474-1A3956D46DE8}") = "Solution Items", "Solution Items", "{9DBBB31A-C865-41DD-9A08-2D8246B48CC7}"
EndProject
Project("{FAE04EC0-301F-11D3-BF4B-00C04F79EFBC}") = "CodeGeneratorApp", "CodeGeneratorApp\CodeGeneratorApp.csproj", "{F1B2C71D-2C9A-4C2C-92B7-8E8918EFE635}"
EndProject
Project("{9A19103F-16F7-4668-BE54-9A1E7A4F7556}") = "Grayson.MessagesMapper", "Grayson.MessagesMapper\Grayson.MessagesMapper.csproj", "{AD0FF308-0D1D-4C18-9708-56E487D4800F}"
EndProject
Project("{9A19103F-16F7-4668-BE54-9A1E7A4F7556}") = "Grayson.ExampleCQRS.Readmodel.Host.ConsoleApp", "Grayson.ExampleCQRS.Readmodel.Host.ConsoleApp\Grayson.ExampleCQRS.Readmodel.Host.ConsoleApp.csproj", "{F765939A-8435-49F2-BD1B-18DFD2846890}"
EndProject
Project("{9A19103F-16F7-4668-BE54-9A1E7A4F7556}") = "Grayson.SeedWork.DDD.Domain", "Grayson.SeedWork.DDD.Domain\Grayson.SeedWork.DDD.Domain.csproj", "{AFDFEA06-4AF9-4728-B20E-27372F001FC1}"
EndProject
Project("{9A19103F-16F7-4668-BE54-9A1E7A4F7556}") = "Grayson.SeedWork.DDD.Application", "Grayson.SeedWork.DDD.Application\Grayson.SeedWork.DDD.Application.csproj", "{67A88450-61B2-454B-BD71-C2B75C87F975}"
EndProject
Project("{9A19103F-16F7-4668-BE54-9A1E7A4F7556}") = "Grayson.SeedWork.DDD.Infrastructure", "Grayson.Seedwork.DDD.Infrastructure\Grayson.SeedWork.DDD.Infrastructure.csproj", "{BBDD1F5E-6247-4C47-A67D-35DAFFE2E02E}"
EndProject
Project("{2150E333-8FDC-42A3-9474-1A3956D46DE8}") = "KmStanden", "KmStanden", "{140921D2-94BA-4B00-BCD9-C688E4D9B673}"
EndProject
Project("{2150E333-8FDC-42A3-9474-1A3956D46DE8}") = "Ritten", "Ritten", "{103249F4-2D45-4D74-BB0A-BC899862126E}"
EndProject
Project("{2150E333-8FDC-42A3-9474-1A3956D46DE8}") = "ReadModel", "ReadModel", "{95ECB565-239B-4A37-B334-6393015CF530}"
EndProject
Project("{9A19103F-16F7-4668-BE54-9A1E7A4F7556}") = "Grayson.ExampleCQRS.ApiGateway", "Grayson.ExampleCQRS.ApiGateway\Grayson.ExampleCQRS.ApiGateway.csproj", "{E2D9915D-B43C-4A9C-AF1A-7340FEBC5227}"
EndProject
Project("{9A19103F-16F7-4668-BE54-9A1E7A4F7556}") = "Grayson.ExampleCQRS.KmStanden.Application", "Grayson.ExampleCQRS.KmStanden.Application\Grayson.ExampleCQRS.KmStanden.Application.csproj", "{96F700B6-723A-4247-BF51-09ED3B608B77}"
EndProject
Project("{9A19103F-16F7-4668-BE54-9A1E7A4F7556}") = "Grayson.ExampleCQRS.KmStanden.Application.Test", "Grayson.ExampleCQRS.KmStanden.Application.Test\Grayson.ExampleCQRS.KmStanden.Application.Test.csproj", "{EC9E8A9A-8743-4CD6-ACE8-EE0FEC743E2C}"
EndProject
Project("{9A19103F-16F7-4668-BE54-9A1E7A4F7556}") = "Grayson.ExampleCQRS.KmStanden.Domain", "Grayson.ExampleCQRS.KmStanden.Domain\Grayson.ExampleCQRS.KmStanden.Domain.csproj", "{E3C582DA-F244-4B77-8A6B-2D28BE2CB1BF}"
EndProject
Project("{9A19103F-16F7-4668-BE54-9A1E7A4F7556}") = "Grayson.ExampleCQRS.KmStanden.Domain.Test", "Grayson.ExampleCQRS.KmStanden.Domain.Test\Grayson.ExampleCQRS.KmStanden.Domain.Test.csproj", "{AB8D03B7-2DD8-4FBF-AFB4-728A180D3873}"
EndProject
Project("{9A19103F-16F7-4668-BE54-9A1E7A4F7556}") = "Grayson.ExampleCQRS.KmStanden.Infrastructure", "Grayson.ExampleCQRS.KmStanden.Infrastructure\Grayson.ExampleCQRS.KmStanden.Infrastructure.csproj", "{545E3D7F-6B91-462A-B744-7BAAC7A90435}"
EndProject
Project("{9A19103F-16F7-4668-BE54-9A1E7A4F7556}") = "Grayson.ExampleCQRS.KmStanden.Infrastructure.Test", "Grayson.ExampleCQRS.KmStanden.Infrastructure.Test\Grayson.ExampleCQRS.KmStanden.Infrastructure.Test.csproj", "{61A4481D-2763-4398-AF02-F6A7EC7B1627}"
EndProject
Project("{9A19103F-16F7-4668-BE54-9A1E7A4F7556}") = "Grayson.ExampleCQRS.Ritten.Application", "Grayson.ExampleCQRS.Ritten.Application\Grayson.ExampleCQRS.Ritten.Application.csproj", "{4FCA66AF-9863-4557-8717-D0696A8D569F}"
EndProject
Project("{9A19103F-16F7-4668-BE54-9A1E7A4F7556}") = "Grayson.ExampleCQRS.Ritten.Domain", "Grayson.ExampleCQRS.Ritten.Domain\Grayson.ExampleCQRS.Ritten.Domain.csproj", "{749195EB-33C0-4618-965D-F30DB706D5A4}"
EndProject
Project("{9A19103F-16F7-4668-BE54-9A1E7A4F7556}") = "Grayson.ExampleCQRS.Ritten.Domain.Test", "Grayson.ExampleCQRS.Ritten.Domain.Test\Grayson.ExampleCQRS.Ritten.Domain.Test.csproj", "{D4D8DC80-1F40-4A12-84B4-9DFEFBE609AB}"
EndProject
Project("{9A19103F-16F7-4668-BE54-9A1E7A4F7556}") = "Grayson.ExampleCQRS.Ritten.Infrastructure", "Grayson.ExampleCQRS.Ritten.Infrastructure\Grayson.ExampleCQRS.Ritten.Infrastructure.csproj", "{01327226-6B43-4FCA-A489-0756E6635F97}"
EndProject
Project("{9A19103F-16F7-4668-BE54-9A1E7A4F7556}") = "Grayson.ExampleCQRS.Ritten.Infrastructure.Test", "Grayson.ExampleCQRS.Ritten.Infrastructure.Test\Grayson.ExampleCQRS.Ritten.Infrastructure.Test.csproj", "{F24D4988-5577-420A-9285-A2B1F8031BED}"
EndProject
Project("{9A19103F-16F7-4668-BE54-9A1E7A4F7556}") = "Grayson.ExampleCQRS.Ritten.Application.Test", "Grayson.ExampleCQRS.Ritten.Application.Test\Grayson.ExampleCQRS.Ritten.Application.Test.csproj", "{0A5884B8-E350-4FDC-A8A1-4298CCB13390}"
EndProject
Project("{9A19103F-16F7-4668-BE54-9A1E7A4F7556}") = "Grayson.ExampleCQRS.ReadModel.Domain", "Grayson.ExampleCQRS.ReadModel.Domain\Grayson.ExampleCQRS.ReadModel.Domain.csproj", "{88D35169-0531-4AFD-A429-3388BFCF92FC}"
EndProject
Project("{9A19103F-16F7-4668-BE54-9A1E7A4F7556}") = "Grayson.ExampleCQRS.Infrastructure", "Grayson.ExampleCQRS.Infrastructure\Grayson.ExampleCQRS.Infrastructure.csproj", "{21A2ADBC-0B73-4096-AECC-1E6E6F331229}"
EndProject
Project("{9A19103F-16F7-4668-BE54-9A1E7A4F7556}") = "Grayson.ExampleCQRS.ReadModel.Application", "Grayson.ExampleCQRS.ReadModel.Application\Grayson.ExampleCQRS.ReadModel.Application.csproj", "{616EA638-F187-492D-A7F0-87DCCED248EA}"
EndProject
Project("{9A19103F-16F7-4668-BE54-9A1E7A4F7556}") = "Grayson.ExampleCQRS.ReadModel.Infrastructure", "Grayson.ExampleCQRS.ReadModel.Infrastructure\Grayson.ExampleCQRS.ReadModel.Infrastructure.csproj", "{11FE2357-CB08-4780-8090-74DC01FA7FD6}"
EndProject
Project("{9A19103F-16F7-4668-BE54-9A1E7A4F7556}") = "Grayson.ExampleCQRS.KmStanden.WebApi", "Grayson.ExampleCQRS.KmStanden.WebApi\Grayson.ExampleCQRS.KmStanden.WebApi.csproj", "{D2D80E49-9F4A-44F1-B720-8DAA11EB29A6}"
EndProject
Project("{9A19103F-16F7-4668-BE54-9A1E7A4F7556}") = "Grayson.ExampleCQRS.KmStanden.Host.ConsoleApp", "Grayson.ExampleCQRS.KmStanden.Host.ConsoleApp\Grayson.ExampleCQRS.KmStanden.Host.ConsoleApp.csproj", "{CFF21C28-EE84-4898-84A9-1186592B515A}"
EndProject
Project("{9A19103F-16F7-4668-BE54-9A1E7A4F7556}") = "Grayson.ExampleCQRS.Ritten.Domain.Host.ConsoleApp", "Grayson.ExampleCQRS.Ritten.Host.ConsoleApp\Grayson.ExampleCQRS.Ritten.Domain.Host.ConsoleApp.csproj", "{E37E23D2-7610-40F3-A20A-4FAF612E6888}"
EndProject
Global
	GlobalSection(SolutionConfigurationPlatforms) = preSolution
		Debug|Any CPU = Debug|Any CPU
		Release|Any CPU = Release|Any CPU
	EndGlobalSection
	GlobalSection(ProjectConfigurationPlatforms) = postSolution
		{EB252B01-0ACD-46A5-B3B4-2BB987B9B0E8}.Debug|Any CPU.ActiveCfg = Debug|Any CPU
		{EB252B01-0ACD-46A5-B3B4-2BB987B9B0E8}.Debug|Any CPU.Build.0 = Debug|Any CPU
		{EB252B01-0ACD-46A5-B3B4-2BB987B9B0E8}.Release|Any CPU.ActiveCfg = Release|Any CPU
		{EB252B01-0ACD-46A5-B3B4-2BB987B9B0E8}.Release|Any CPU.Build.0 = Release|Any CPU
		{D7E481A3-DB0F-4906-9AB5-7C9543D0E962}.Debug|Any CPU.ActiveCfg = Debug|Any CPU
		{D7E481A3-DB0F-4906-9AB5-7C9543D0E962}.Debug|Any CPU.Build.0 = Debug|Any CPU
		{D7E481A3-DB0F-4906-9AB5-7C9543D0E962}.Release|Any CPU.ActiveCfg = Release|Any CPU
		{D7E481A3-DB0F-4906-9AB5-7C9543D0E962}.Release|Any CPU.Build.0 = Release|Any CPU
		{12269706-6D69-49FE-86C7-F5DD645D9FC8}.Debug|Any CPU.ActiveCfg = Debug|Any CPU
		{12269706-6D69-49FE-86C7-F5DD645D9FC8}.Debug|Any CPU.Build.0 = Debug|Any CPU
		{12269706-6D69-49FE-86C7-F5DD645D9FC8}.Release|Any CPU.ActiveCfg = Release|Any CPU
		{12269706-6D69-49FE-86C7-F5DD645D9FC8}.Release|Any CPU.Build.0 = Release|Any CPU
		{F1B2C71D-2C9A-4C2C-92B7-8E8918EFE635}.Debug|Any CPU.ActiveCfg = Debug|Any CPU
		{F1B2C71D-2C9A-4C2C-92B7-8E8918EFE635}.Debug|Any CPU.Build.0 = Debug|Any CPU
		{F1B2C71D-2C9A-4C2C-92B7-8E8918EFE635}.Release|Any CPU.ActiveCfg = Release|Any CPU
		{F1B2C71D-2C9A-4C2C-92B7-8E8918EFE635}.Release|Any CPU.Build.0 = Release|Any CPU
		{AD0FF308-0D1D-4C18-9708-56E487D4800F}.Debug|Any CPU.ActiveCfg = Debug|Any CPU
		{AD0FF308-0D1D-4C18-9708-56E487D4800F}.Debug|Any CPU.Build.0 = Debug|Any CPU
		{AD0FF308-0D1D-4C18-9708-56E487D4800F}.Release|Any CPU.ActiveCfg = Release|Any CPU
		{AD0FF308-0D1D-4C18-9708-56E487D4800F}.Release|Any CPU.Build.0 = Release|Any CPU
		{F765939A-8435-49F2-BD1B-18DFD2846890}.Debug|Any CPU.ActiveCfg = Debug|Any CPU
		{F765939A-8435-49F2-BD1B-18DFD2846890}.Debug|Any CPU.Build.0 = Debug|Any CPU
		{F765939A-8435-49F2-BD1B-18DFD2846890}.Release|Any CPU.ActiveCfg = Release|Any CPU
		{F765939A-8435-49F2-BD1B-18DFD2846890}.Release|Any CPU.Build.0 = Release|Any CPU
		{AFDFEA06-4AF9-4728-B20E-27372F001FC1}.Debug|Any CPU.ActiveCfg = Debug|Any CPU
		{AFDFEA06-4AF9-4728-B20E-27372F001FC1}.Debug|Any CPU.Build.0 = Debug|Any CPU
		{AFDFEA06-4AF9-4728-B20E-27372F001FC1}.Release|Any CPU.ActiveCfg = Release|Any CPU
		{AFDFEA06-4AF9-4728-B20E-27372F001FC1}.Release|Any CPU.Build.0 = Release|Any CPU
		{67A88450-61B2-454B-BD71-C2B75C87F975}.Debug|Any CPU.ActiveCfg = Debug|Any CPU
		{67A88450-61B2-454B-BD71-C2B75C87F975}.Debug|Any CPU.Build.0 = Debug|Any CPU
		{67A88450-61B2-454B-BD71-C2B75C87F975}.Release|Any CPU.ActiveCfg = Release|Any CPU
		{67A88450-61B2-454B-BD71-C2B75C87F975}.Release|Any CPU.Build.0 = Release|Any CPU
		{BBDD1F5E-6247-4C47-A67D-35DAFFE2E02E}.Debug|Any CPU.ActiveCfg = Debug|Any CPU
		{BBDD1F5E-6247-4C47-A67D-35DAFFE2E02E}.Debug|Any CPU.Build.0 = Debug|Any CPU
		{BBDD1F5E-6247-4C47-A67D-35DAFFE2E02E}.Release|Any CPU.ActiveCfg = Release|Any CPU
		{BBDD1F5E-6247-4C47-A67D-35DAFFE2E02E}.Release|Any CPU.Build.0 = Release|Any CPU
		{E2D9915D-B43C-4A9C-AF1A-7340FEBC5227}.Debug|Any CPU.ActiveCfg = Debug|Any CPU
		{E2D9915D-B43C-4A9C-AF1A-7340FEBC5227}.Debug|Any CPU.Build.0 = Debug|Any CPU
		{E2D9915D-B43C-4A9C-AF1A-7340FEBC5227}.Release|Any CPU.ActiveCfg = Release|Any CPU
		{E2D9915D-B43C-4A9C-AF1A-7340FEBC5227}.Release|Any CPU.Build.0 = Release|Any CPU
		{96F700B6-723A-4247-BF51-09ED3B608B77}.Debug|Any CPU.ActiveCfg = Debug|Any CPU
		{96F700B6-723A-4247-BF51-09ED3B608B77}.Debug|Any CPU.Build.0 = Debug|Any CPU
		{96F700B6-723A-4247-BF51-09ED3B608B77}.Release|Any CPU.ActiveCfg = Release|Any CPU
		{96F700B6-723A-4247-BF51-09ED3B608B77}.Release|Any CPU.Build.0 = Release|Any CPU
		{EC9E8A9A-8743-4CD6-ACE8-EE0FEC743E2C}.Debug|Any CPU.ActiveCfg = Debug|Any CPU
		{EC9E8A9A-8743-4CD6-ACE8-EE0FEC743E2C}.Debug|Any CPU.Build.0 = Debug|Any CPU
		{EC9E8A9A-8743-4CD6-ACE8-EE0FEC743E2C}.Release|Any CPU.ActiveCfg = Release|Any CPU
		{EC9E8A9A-8743-4CD6-ACE8-EE0FEC743E2C}.Release|Any CPU.Build.0 = Release|Any CPU
		{E3C582DA-F244-4B77-8A6B-2D28BE2CB1BF}.Debug|Any CPU.ActiveCfg = Debug|Any CPU
		{E3C582DA-F244-4B77-8A6B-2D28BE2CB1BF}.Debug|Any CPU.Build.0 = Debug|Any CPU
		{E3C582DA-F244-4B77-8A6B-2D28BE2CB1BF}.Release|Any CPU.ActiveCfg = Release|Any CPU
		{E3C582DA-F244-4B77-8A6B-2D28BE2CB1BF}.Release|Any CPU.Build.0 = Release|Any CPU
		{AB8D03B7-2DD8-4FBF-AFB4-728A180D3873}.Debug|Any CPU.ActiveCfg = Debug|Any CPU
		{AB8D03B7-2DD8-4FBF-AFB4-728A180D3873}.Debug|Any CPU.Build.0 = Debug|Any CPU
		{AB8D03B7-2DD8-4FBF-AFB4-728A180D3873}.Release|Any CPU.ActiveCfg = Release|Any CPU
		{AB8D03B7-2DD8-4FBF-AFB4-728A180D3873}.Release|Any CPU.Build.0 = Release|Any CPU
		{545E3D7F-6B91-462A-B744-7BAAC7A90435}.Debug|Any CPU.ActiveCfg = Debug|Any CPU
		{545E3D7F-6B91-462A-B744-7BAAC7A90435}.Debug|Any CPU.Build.0 = Debug|Any CPU
		{545E3D7F-6B91-462A-B744-7BAAC7A90435}.Release|Any CPU.ActiveCfg = Release|Any CPU
		{545E3D7F-6B91-462A-B744-7BAAC7A90435}.Release|Any CPU.Build.0 = Release|Any CPU
		{61A4481D-2763-4398-AF02-F6A7EC7B1627}.Debug|Any CPU.ActiveCfg = Debug|Any CPU
		{61A4481D-2763-4398-AF02-F6A7EC7B1627}.Debug|Any CPU.Build.0 = Debug|Any CPU
		{61A4481D-2763-4398-AF02-F6A7EC7B1627}.Release|Any CPU.ActiveCfg = Release|Any CPU
		{61A4481D-2763-4398-AF02-F6A7EC7B1627}.Release|Any CPU.Build.0 = Release|Any CPU
		{4FCA66AF-9863-4557-8717-D0696A8D569F}.Debug|Any CPU.ActiveCfg = Debug|Any CPU
		{4FCA66AF-9863-4557-8717-D0696A8D569F}.Debug|Any CPU.Build.0 = Debug|Any CPU
		{4FCA66AF-9863-4557-8717-D0696A8D569F}.Release|Any CPU.ActiveCfg = Release|Any CPU
		{4FCA66AF-9863-4557-8717-D0696A8D569F}.Release|Any CPU.Build.0 = Release|Any CPU
		{749195EB-33C0-4618-965D-F30DB706D5A4}.Debug|Any CPU.ActiveCfg = Debug|Any CPU
		{749195EB-33C0-4618-965D-F30DB706D5A4}.Debug|Any CPU.Build.0 = Debug|Any CPU
		{749195EB-33C0-4618-965D-F30DB706D5A4}.Release|Any CPU.ActiveCfg = Release|Any CPU
		{749195EB-33C0-4618-965D-F30DB706D5A4}.Release|Any CPU.Build.0 = Release|Any CPU
		{D4D8DC80-1F40-4A12-84B4-9DFEFBE609AB}.Debug|Any CPU.ActiveCfg = Debug|Any CPU
		{D4D8DC80-1F40-4A12-84B4-9DFEFBE609AB}.Debug|Any CPU.Build.0 = Debug|Any CPU
		{D4D8DC80-1F40-4A12-84B4-9DFEFBE609AB}.Release|Any CPU.ActiveCfg = Release|Any CPU
		{D4D8DC80-1F40-4A12-84B4-9DFEFBE609AB}.Release|Any CPU.Build.0 = Release|Any CPU
		{01327226-6B43-4FCA-A489-0756E6635F97}.Debug|Any CPU.ActiveCfg = Debug|Any CPU
		{01327226-6B43-4FCA-A489-0756E6635F97}.Debug|Any CPU.Build.0 = Debug|Any CPU
		{01327226-6B43-4FCA-A489-0756E6635F97}.Release|Any CPU.ActiveCfg = Release|Any CPU
		{01327226-6B43-4FCA-A489-0756E6635F97}.Release|Any CPU.Build.0 = Release|Any CPU
		{F24D4988-5577-420A-9285-A2B1F8031BED}.Debug|Any CPU.ActiveCfg = Debug|Any CPU
		{F24D4988-5577-420A-9285-A2B1F8031BED}.Debug|Any CPU.Build.0 = Debug|Any CPU
		{F24D4988-5577-420A-9285-A2B1F8031BED}.Release|Any CPU.ActiveCfg = Release|Any CPU
		{F24D4988-5577-420A-9285-A2B1F8031BED}.Release|Any CPU.Build.0 = Release|Any CPU
		{0A5884B8-E350-4FDC-A8A1-4298CCB13390}.Debug|Any CPU.ActiveCfg = Debug|Any CPU
		{0A5884B8-E350-4FDC-A8A1-4298CCB13390}.Debug|Any CPU.Build.0 = Debug|Any CPU
		{0A5884B8-E350-4FDC-A8A1-4298CCB13390}.Release|Any CPU.ActiveCfg = Release|Any CPU
		{0A5884B8-E350-4FDC-A8A1-4298CCB13390}.Release|Any CPU.Build.0 = Release|Any CPU
		{88D35169-0531-4AFD-A429-3388BFCF92FC}.Debug|Any CPU.ActiveCfg = Debug|Any CPU
		{88D35169-0531-4AFD-A429-3388BFCF92FC}.Debug|Any CPU.Build.0 = Debug|Any CPU
		{88D35169-0531-4AFD-A429-3388BFCF92FC}.Release|Any CPU.ActiveCfg = Release|Any CPU
		{88D35169-0531-4AFD-A429-3388BFCF92FC}.Release|Any CPU.Build.0 = Release|Any CPU
		{21A2ADBC-0B73-4096-AECC-1E6E6F331229}.Debug|Any CPU.ActiveCfg = Debug|Any CPU
		{21A2ADBC-0B73-4096-AECC-1E6E6F331229}.Debug|Any CPU.Build.0 = Debug|Any CPU
		{21A2ADBC-0B73-4096-AECC-1E6E6F331229}.Release|Any CPU.ActiveCfg = Release|Any CPU
		{21A2ADBC-0B73-4096-AECC-1E6E6F331229}.Release|Any CPU.Build.0 = Release|Any CPU
		{616EA638-F187-492D-A7F0-87DCCED248EA}.Debug|Any CPU.ActiveCfg = Debug|Any CPU
		{616EA638-F187-492D-A7F0-87DCCED248EA}.Debug|Any CPU.Build.0 = Debug|Any CPU
		{616EA638-F187-492D-A7F0-87DCCED248EA}.Release|Any CPU.ActiveCfg = Release|Any CPU
		{616EA638-F187-492D-A7F0-87DCCED248EA}.Release|Any CPU.Build.0 = Release|Any CPU
		{11FE2357-CB08-4780-8090-74DC01FA7FD6}.Debug|Any CPU.ActiveCfg = Debug|Any CPU
		{11FE2357-CB08-4780-8090-74DC01FA7FD6}.Debug|Any CPU.Build.0 = Debug|Any CPU
		{11FE2357-CB08-4780-8090-74DC01FA7FD6}.Release|Any CPU.ActiveCfg = Release|Any CPU
		{11FE2357-CB08-4780-8090-74DC01FA7FD6}.Release|Any CPU.Build.0 = Release|Any CPU
		{D2D80E49-9F4A-44F1-B720-8DAA11EB29A6}.Debug|Any CPU.ActiveCfg = Debug|Any CPU
		{D2D80E49-9F4A-44F1-B720-8DAA11EB29A6}.Debug|Any CPU.Build.0 = Debug|Any CPU
		{D2D80E49-9F4A-44F1-B720-8DAA11EB29A6}.Release|Any CPU.ActiveCfg = Release|Any CPU
		{D2D80E49-9F4A-44F1-B720-8DAA11EB29A6}.Release|Any CPU.Build.0 = Release|Any CPU
		{CFF21C28-EE84-4898-84A9-1186592B515A}.Debug|Any CPU.ActiveCfg = Debug|Any CPU
		{CFF21C28-EE84-4898-84A9-1186592B515A}.Debug|Any CPU.Build.0 = Debug|Any CPU
		{CFF21C28-EE84-4898-84A9-1186592B515A}.Release|Any CPU.ActiveCfg = Release|Any CPU
		{CFF21C28-EE84-4898-84A9-1186592B515A}.Release|Any CPU.Build.0 = Release|Any CPU
		{E37E23D2-7610-40F3-A20A-4FAF612E6888}.Debug|Any CPU.ActiveCfg = Debug|Any CPU
		{E37E23D2-7610-40F3-A20A-4FAF612E6888}.Debug|Any CPU.Build.0 = Debug|Any CPU
		{E37E23D2-7610-40F3-A20A-4FAF612E6888}.Release|Any CPU.ActiveCfg = Release|Any CPU
		{E37E23D2-7610-40F3-A20A-4FAF612E6888}.Release|Any CPU.Build.0 = Release|Any CPU
	EndGlobalSection
	GlobalSection(SolutionProperties) = preSolution
		HideSolutionNode = FALSE
	EndGlobalSection
	GlobalSection(NestedProjects) = preSolution
		{F765939A-8435-49F2-BD1B-18DFD2846890} = {95ECB565-239B-4A37-B334-6393015CF530}
		{96F700B6-723A-4247-BF51-09ED3B608B77} = {140921D2-94BA-4B00-BCD9-C688E4D9B673}
		{EC9E8A9A-8743-4CD6-ACE8-EE0FEC743E2C} = {140921D2-94BA-4B00-BCD9-C688E4D9B673}
		{E3C582DA-F244-4B77-8A6B-2D28BE2CB1BF} = {140921D2-94BA-4B00-BCD9-C688E4D9B673}
		{AB8D03B7-2DD8-4FBF-AFB4-728A180D3873} = {140921D2-94BA-4B00-BCD9-C688E4D9B673}
		{545E3D7F-6B91-462A-B744-7BAAC7A90435} = {140921D2-94BA-4B00-BCD9-C688E4D9B673}
		{61A4481D-2763-4398-AF02-F6A7EC7B1627} = {140921D2-94BA-4B00-BCD9-C688E4D9B673}
		{4FCA66AF-9863-4557-8717-D0696A8D569F} = {103249F4-2D45-4D74-BB0A-BC899862126E}
		{749195EB-33C0-4618-965D-F30DB706D5A4} = {103249F4-2D45-4D74-BB0A-BC899862126E}
		{D4D8DC80-1F40-4A12-84B4-9DFEFBE609AB} = {103249F4-2D45-4D74-BB0A-BC899862126E}
		{01327226-6B43-4FCA-A489-0756E6635F97} = {103249F4-2D45-4D74-BB0A-BC899862126E}
		{F24D4988-5577-420A-9285-A2B1F8031BED} = {103249F4-2D45-4D74-BB0A-BC899862126E}
		{0A5884B8-E350-4FDC-A8A1-4298CCB13390} = {103249F4-2D45-4D74-BB0A-BC899862126E}
		{88D35169-0531-4AFD-A429-3388BFCF92FC} = {95ECB565-239B-4A37-B334-6393015CF530}
		{616EA638-F187-492D-A7F0-87DCCED248EA} = {95ECB565-239B-4A37-B334-6393015CF530}
		{11FE2357-CB08-4780-8090-74DC01FA7FD6} = {95ECB565-239B-4A37-B334-6393015CF530}
		{D2D80E49-9F4A-44F1-B720-8DAA11EB29A6} = {140921D2-94BA-4B00-BCD9-C688E4D9B673}
		{CFF21C28-EE84-4898-84A9-1186592B515A} = {140921D2-94BA-4B00-BCD9-C688E4D9B673}
		{E37E23D2-7610-40F3-A20A-4FAF612E6888} = {103249F4-2D45-4D74-BB0A-BC899862126E}
	EndGlobalSection
	GlobalSection(ExtensibilityGlobals) = postSolution
		SolutionGuid = {F491BA0F-9EFD-4827-BDF2-D74C87FB8AC1}
	EndGlobalSection
EndGlobal
